{
  "nodes": {
    "drduhConfig": {
      "flake": false,
      "locked": {
        "lastModified": 1697417581,
        "narHash": "sha256-R45L/Xv3z0lJhGt781wDbjaq1qc+sGTmsUt+XHwgf4A=",
        "owner": "drduh",
        "repo": "config",
        "rev": "8c21617100795fea2313656abdf25f93b98fdc30",
        "type": "github"
      },
      "original": {
        "owner": "drduh",
        "repo": "config",
        "type": "github"
      }
    },
    "drduhYubiKeyGuide": {
      "flake": false,
      "locked": {
        "lastModified": 1702250233,
        "narHash": "sha256-AicuOR/VTr3WYFQnHrqyLcLQ6gWEE16hi+Ln50jBTWw=",
        "owner": "drduh",
        "repo": "YubiKey-Guide",
        "rev": "f2e5ef2c18ee1003460941dfcfa3d6f66f9ce0a2",
        "type": "github"
      },
      "original": {
        "owner": "drduh",
        "repo": "YubiKey-Guide",
        "type": "github"
      }
    },
    "nixpkgs": {
      "locked": {
        "lastModified": 1702350026,
        "narHash": "sha256-A+GNZFZdfl4JdDphYKBJ5Ef1HOiFsP18vQe9mqjmUis=",
        "owner": "NixOS",
        "repo": "nixpkgs",
        "rev": "9463103069725474698139ab10f17a9d125da859",
        "type": "github"
      },
      "original": {
        "owner": "NixOS",
        "ref": "nixos-23.05",
        "repo": "nixpkgs",
        "type": "github"
      }
    },
    "root": {
      "inputs": {
        "drduhConfig": "drduhConfig",
        "drduhYubiKeyGuide": "drduhYubiKeyGuide",
        "nixpkgs": "nixpkgs"
      }
    }
  },
  "root": "root",
  "version": 7
}
